<Solution>
  <Folder Name="/src/">
    <Project Path="src/TownHall.Contracts/TownHall.Contracts.csproj" />
    <Project Path="src/TownHall.Db/TownHall.Db.csproj" />
    <Project Path="src/TownHall.Host/TownHall.Host.csproj" />
    <Project Path="src/TownHall.UI/TownHall.UI.csproj" />
  </Folder>
  <Folder Name="/tests/">
    <Project Path="tests/TownHall.Tests/TownHall.Tests.csproj" />
  </Folder>
</Solution>
